
Microsoft Visual Studio Solution File, Format Version 12.00
# Visual Studio Version 17
VisualStudioVersion = 17.4.33110.190
MinimumVisualStudioVersion = 10.0.40219.1
Project("{9A19103F-16F7-4668-BE54-9A1E7A4F7556}") = "rpg.Desktop", "rpg.Desktop\rpg.Desktop.csproj", "{1E949A4D-02D0-42C2-8878-A3A973D6F346}"
EndProject
Project("{D954291E-2A0B-460D-934E-DC6B0785DB48}") = "rpg.Game", "rpg.Game\rpg.Game.shproj", "{A0CDBD0E-3A41-42B7-9425-A838BC2C7383}"
EndProject
Global
	GlobalSection(SolutionConfigurationPlatforms) = preSolution
		Debug|Any CPU = Debug|Any CPU
		Release|Any CPU = Release|Any CPU
	EndGlobalSection
	GlobalSection(ProjectConfigurationPlatforms) = postSolution
		{1E949A4D-02D0-42C2-8878-A3A973D6F346}.Debug|Any CPU.ActiveCfg = Debug|Any CPU
		{1E949A4D-02D0-42C2-8878-A3A973D6F346}.Debug|Any CPU.Build.0 = Debug|Any CPU
		{1E949A4D-02D0-42C2-8878-A3A973D6F346}.Release|Any CPU.ActiveCfg = Release|Any CPU
		{1E949A4D-02D0-42C2-8878-A3A973D6F346}.Release|Any CPU.Build.0 = Release|Any CPU
	EndGlobalSection
	GlobalSection(SolutionProperties) = preSolution
		HideSolutionNode = FALSE
	EndGlobalSection
	GlobalSection(ExtensibilityGlobals) = postSolution
		SolutionGuid = {BE034C9E-07CD-48D1-9A60-6C51BA525F7C}
	EndGlobalSection
	GlobalSection(SharedMSBuildProjectFiles) = preSolution
		rpg.game\rpg.game.projitems*{1e949a4d-02d0-42c2-8878-a3a973d6f346}*SharedItemsImports = 5
		rpg.game\rpg.game.projitems*{a0cdbd0e-3a41-42b7-9425-a838bc2c7383}*SharedItemsImports = 13
	EndGlobalSection
EndGlobal
